
Microsoft Visual Studio Solution File, Format Version 12.00
Project("{2150E333-8FDC-42A3-9474-1A3956D46DE8}") = "Server", "Server", "{881465EF-E0B2-4FD4-8309-4FCAE47AC4E7}"
EndProject
Project("{FAE04EC0-301F-11D3-BF4B-00C04F79EFBC}") = "Entities", "Entities\Entities.csproj", "{58EDE672-0C68-4F85-83B1-5C854A29A2B5}"
EndProject
Project("{FAE04EC0-301F-11D3-BF4B-00C04F79EFBC}") = "RepositoryContracts", "RepositoryContracts\RepositoryContracts.csproj", "{934AC12F-1F07-4A70-9710-9F39DF96B692}"
EndProject
Project("{FAE04EC0-301F-11D3-BF4B-00C04F79EFBC}") = "FileRepositories", "FileRepositories\FileRepositories.csproj", "{C94CFA46-CCCA-4CBB-94C1-12D2B3C11B1A}"
EndProject
Project("{2150E333-8FDC-42A3-9474-1A3956D46DE8}") = "Shared", "Shared", "{170B8A4D-79CE-402C-9D5C-C4B3401477E1}"
EndProject
Project("{FAE04EC0-301F-11D3-BF4B-00C04F79EFBC}") = "DTOs", "DTOs\DTOs.csproj", "{AB6B6C29-2383-4C95-8A07-030D2B47A307}"
EndProject
Project("{FAE04EC0-301F-11D3-BF4B-00C04F79EFBC}") = "API", "API\API.csproj", "{BE07246F-27A1-40A6-99F5-3C469C08D3F1}"
EndProject
Project("{2150E333-8FDC-42A3-9474-1A3956D46DE8}") = "Client", "Client", "{70DB6555-FAE4-4716-9B37-EAC5C632B77B}"
EndProject
Project("{FAE04EC0-301F-11D3-BF4B-00C04F79EFBC}") = "ClientBlazor", "ClientBlazor\ClientBlazor.csproj", "{8D8E80F6-79A7-42D7-BEE1-78C8ED06383D}"
EndProject
Project("{FAE04EC0-301F-11D3-BF4B-00C04F79EFBC}") = "EfcRepositories", "EfcRepositories\EfcRepositories.csproj", "{1E8FFA47-A19A-4D71-9C5B-B9BE0D11715D}"
EndProject
Global
	GlobalSection(SolutionConfigurationPlatforms) = preSolution
		Debug|Any CPU = Debug|Any CPU
		Release|Any CPU = Release|Any CPU
		
	EndGlobalSection
	GlobalSection(NestedProjects) = preSolution
		{58EDE672-0C68-4F85-83B1-5C854A29A2B5} = {881465EF-E0B2-4FD4-8309-4FCAE47AC4E7}
		{934AC12F-1F07-4A70-9710-9F39DF96B692} = {881465EF-E0B2-4FD4-8309-4FCAE47AC4E7}
		{C94CFA46-CCCA-4CBB-94C1-12D2B3C11B1A} = {881465EF-E0B2-4FD4-8309-4FCAE47AC4E7}
		{AB6B6C29-2383-4C95-8A07-030D2B47A307} = {170B8A4D-79CE-402C-9D5C-C4B3401477E1}
		{8D8E80F6-79A7-42D7-BEE1-78C8ED06383D} = {70DB6555-FAE4-4716-9B37-EAC5C632B77B}
		{1E8FFA47-A19A-4D71-9C5B-B9BE0D11715D} = {881465EF-E0B2-4FD4-8309-4FCAE47AC4E7}
	EndGlobalSection
	GlobalSection(ProjectConfigurationPlatforms) = postSolution
		{58EDE672-0C68-4F85-83B1-5C854A29A2B5}.Debug|Any CPU.ActiveCfg = Debug|Any CPU
		{58EDE672-0C68-4F85-83B1-5C854A29A2B5}.Debug|Any CPU.Build.0 = Debug|Any CPU
		{58EDE672-0C68-4F85-83B1-5C854A29A2B5}.Release|Any CPU.ActiveCfg = Release|Any CPU
		{58EDE672-0C68-4F85-83B1-5C854A29A2B5}.Release|Any CPU.Build.0 = Release|Any CPU
		{934AC12F-1F07-4A70-9710-9F39DF96B692}.Debug|Any CPU.ActiveCfg = Debug|Any CPU
		{934AC12F-1F07-4A70-9710-9F39DF96B692}.Debug|Any CPU.Build.0 = Debug|Any CPU
		{934AC12F-1F07-4A70-9710-9F39DF96B692}.Release|Any CPU.ActiveCfg = Release|Any CPU
		{934AC12F-1F07-4A70-9710-9F39DF96B692}.Release|Any CPU.Build.0 = Release|Any CPU
		{C94CFA46-CCCA-4CBB-94C1-12D2B3C11B1A}.Debug|Any CPU.ActiveCfg = Debug|Any CPU
		{C94CFA46-CCCA-4CBB-94C1-12D2B3C11B1A}.Debug|Any CPU.Build.0 = Debug|Any CPU
		{C94CFA46-CCCA-4CBB-94C1-12D2B3C11B1A}.Release|Any CPU.ActiveCfg = Release|Any CPU
		{C94CFA46-CCCA-4CBB-94C1-12D2B3C11B1A}.Release|Any CPU.Build.0 = Release|Any CPU
		{AB6B6C29-2383-4C95-8A07-030D2B47A307}.Debug|Any CPU.ActiveCfg = Debug|Any CPU
		{AB6B6C29-2383-4C95-8A07-030D2B47A307}.Debug|Any CPU.Build.0 = Debug|Any CPU
		{AB6B6C29-2383-4C95-8A07-030D2B47A307}.Release|Any CPU.ActiveCfg = Release|Any CPU
		{AB6B6C29-2383-4C95-8A07-030D2B47A307}.Release|Any CPU.Build.0 = Release|Any CPU
		{BE07246F-27A1-40A6-99F5-3C469C08D3F1}.Debug|Any CPU.ActiveCfg = Debug|Any CPU
		{BE07246F-27A1-40A6-99F5-3C469C08D3F1}.Debug|Any CPU.Build.0 = Debug|Any CPU
		{BE07246F-27A1-40A6-99F5-3C469C08D3F1}.Release|Any CPU.ActiveCfg = Release|Any CPU
		{BE07246F-27A1-40A6-99F5-3C469C08D3F1}.Release|Any CPU.Build.0 = Release|Any CPU
		{8D8E80F6-79A7-42D7-BEE1-78C8ED06383D}.Debug|Any CPU.ActiveCfg = Debug|Any CPU
		{8D8E80F6-79A7-42D7-BEE1-78C8ED06383D}.Debug|Any CPU.Build.0 = Debug|Any CPU
		{8D8E80F6-79A7-42D7-BEE1-78C8ED06383D}.Release|Any CPU.ActiveCfg = Release|Any CPU
		{8D8E80F6-79A7-42D7-BEE1-78C8ED06383D}.Release|Any CPU.Build.0 = Release|Any CPU
		{1E8FFA47-A19A-4D71-9C5B-B9BE0D11715D}.Debug|Any CPU.ActiveCfg = Debug|Any CPU
		{1E8FFA47-A19A-4D71-9C5B-B9BE0D11715D}.Debug|Any CPU.Build.0 = Debug|Any CPU
		{1E8FFA47-A19A-4D71-9C5B-B9BE0D11715D}.Release|Any CPU.ActiveCfg = Release|Any CPU
		{1E8FFA47-A19A-4D71-9C5B-B9BE0D11715D}.Release|Any CPU.Build.0 = Release|Any CPU
	EndGlobalSection
EndGlobal
